// !$*UTF8*$!
{
	archiveVersion = 1;
	classes = {
	};
	objectVersion = 46;
	objects = {

/* Begin PBXBuildFile section */
		1F05B30A1B29F327008CA94F /* main.c in Sources */ = {isa = PBXBuildFile; fileRef = 1F05B2FC1B29F327008CA94F /* main.c */; };
		1F05B30B1B29F327008CA94F /* VAPLinkedList.c in Sources */ = {isa = PBXBuildFile; fileRef = 1F05B2FE1B29F327008CA94F /* VAPLinkedList.c */; };
		1F05B30C1B29F327008CA94F /* VAPLinkedListNode.c in Sources */ = {isa = PBXBuildFile; fileRef = 1F05B3011B29F327008CA94F /* VAPLinkedListNode.c */; };
		1F05B30E1B29F327008CA94F /* VAPLinkedListTests.c in Sources */ = {isa = PBXBuildFile; fileRef = 1F05B3081B29F327008CA94F /* VAPLinkedListTests.c */; };
		1F05B3161B2B7E36008CA94F /* VAPObject.c in Sources */ = {isa = PBXBuildFile; fileRef = 1F1C525F1B08F9AE0057621A /* VAPObject.c */; };
		1F05B3171B2DF8D9008CA94F /* VAPString.c in Sources */ = {isa = PBXBuildFile; fileRef = 1F1C52631B0A4A6D0057621A /* VAPString.c */; };
		1F05B3191B2F3D2C008CA94F /* VAPMacros.c in Sources */ = {isa = PBXBuildFile; fileRef = 1F05B3181B2F3D2C008CA94F /* VAPMacros.c */; };
		1F05B31A1B2F3D2C008CA94F /* VAPMacros.c in Sources */ = {isa = PBXBuildFile; fileRef = 1F05B3181B2F3D2C008CA94F /* VAPMacros.c */; };
		1F05B31B1B2F3D2C008CA94F /* VAPMacros.c in Sources */ = {isa = PBXBuildFile; fileRef = 1F05B3181B2F3D2C008CA94F /* VAPMacros.c */; };
		1F05B31C1B2F3D2C008CA94F /* VAPMacros.c in Sources */ = {isa = PBXBuildFile; fileRef = 1F05B3181B2F3D2C008CA94F /* VAPMacros.c */; };
		1F1325951AF93E180047139E /* main.c in Sources */ = {isa = PBXBuildFile; fileRef = 1F1325941AF93E180047139E /* main.c */; };
		1F13259E1AF977A20047139E /* VAPTestGenerateMethods.c in Sources */ = {isa = PBXBuildFile; fileRef = 1F13259C1AF977A20047139E /* VAPTestGenerateMethods.c */; };
		1F1C525C1B0292DC0057621A /* VAPHumanoidObjectTests.c in Sources */ = {isa = PBXBuildFile; fileRef = 1F1C525A1B0292DC0057621A /* VAPHumanoidObjectTests.c */; };
		1F1C52611B08F9AE0057621A /* VAPObject.c in Sources */ = {isa = PBXBuildFile; fileRef = 1F1C525F1B08F9AE0057621A /* VAPObject.c */; };
		1F1C52651B0A4A6D0057621A /* VAPString.c in Sources */ = {isa = PBXBuildFile; fileRef = 1F1C52631B0A4A6D0057621A /* VAPString.c */; };
		1F20DCBF1B0000E00014ACE4 /* TestDataStructure.c in Sources */ = {isa = PBXBuildFile; fileRef = 1F20DCBD1B0000E00014ACE4 /* TestDataStructure.c */; };
		1F35D9A01AFEB4D100E57436 /* main.c in Sources */ = {isa = PBXBuildFile; fileRef = 1F35D99F1AFEB4D100E57436 /* main.c */; };
		1F35D9A71AFFEF4A00E57436 /* BytesNumbersToConsol.c in Sources */ = {isa = PBXBuildFile; fileRef = 1F35D9A51AFFEF4A00E57436 /* BytesNumbersToConsol.c */; };
		1F3DCAAF1B02448D0052B37C /* main.c in Sources */ = {isa = PBXBuildFile; fileRef = 1F3DCAAD1B02448D0052B37C /* main.c */; };
		1F3DCAB31B0245B10052B37C /* VAPHumanoidObject.c in Sources */ = {isa = PBXBuildFile; fileRef = 1F3DCAB11B0245B10052B37C /* VAPHumanoidObject.c */; };
		1F498F961B0CF0A80010EC03 /* VAPArrayTests.c in Sources */ = {isa = PBXBuildFile; fileRef = 1F498F941B0CF0A80010EC03 /* VAPArrayTests.c */; };
		1F498F9A1B0CF1F40010EC03 /* VAPStringTests.c in Sources */ = {isa = PBXBuildFile; fileRef = 1F498F981B0CF1F40010EC03 /* VAPStringTests.c */; };
		1FD5CE881B0BAC9300183D14 /* VAPArray.c in Sources */ = {isa = PBXBuildFile; fileRef = 1FD5CE861B0BAC9300183D14 /* VAPArray.c */; };
/* End PBXBuildFile section */

/* Begin PBXBuildRule section */
		1F05B3151B2B7E28008CA94F /* PBXBuildRule */ = {
			isa = PBXBuildRule;
			compilerSpec = com.apple.compilers.proxy.script;
			fileType = text.plist;
			isEditable = 1;
			outputFiles = (
			);
			script = "# builtin-copyPlist\n";
		};
/* End PBXBuildRule section */

/* Begin PBXCopyFilesBuildPhase section */
		1F05B2F11B29F2E6008CA94F /* CopyFiles */ = {
			isa = PBXCopyFilesBuildPhase;
			buildActionMask = 2147483647;
			dstPath = /usr/share/man/man1/;
			dstSubfolderSpec = 0;
			files = (
			);
			runOnlyForDeploymentPostprocessing = 1;
		};
		1F1325871AF93C150047139E /* CopyFiles */ = {
			isa = PBXCopyFilesBuildPhase;
			buildActionMask = 2147483647;
			dstPath = /usr/share/man/man1/;
			dstSubfolderSpec = 0;
			files = (
			);
			runOnlyForDeploymentPostprocessing = 1;
		};
		1F35D9951AFEB45700E57436 /* CopyFiles */ = {
			isa = PBXCopyFilesBuildPhase;
			buildActionMask = 2147483647;
			dstPath = /usr/share/man/man1/;
			dstSubfolderSpec = 0;
			files = (
			);
			runOnlyForDeploymentPostprocessing = 1;
		};
		1F3DCAA21B0241960052B37C /* CopyFiles */ = {
			isa = PBXCopyFilesBuildPhase;
			buildActionMask = 2147483647;
			dstPath = /usr/share/man/man1/;
			dstSubfolderSpec = 0;
			files = (
			);
			runOnlyForDeploymentPostprocessing = 1;
		};
/* End PBXCopyFilesBuildPhase section */

/* Begin PBXFileReference section */
		1F05B2F31B29F2E6008CA94F /* LinkedList */ = {isa = PBXFileReference; explicitFileType = "compiled.mach-o.executable"; includeInIndex = 0; path = LinkedList; sourceTree = BUILT_PRODUCTS_DIR; };
		1F05B2FC1B29F327008CA94F /* main.c */ = {isa = PBXFileReference; fileEncoding = 4; lastKnownFileType = sourcecode.c.c; path = main.c; sourceTree = "<group>"; };
		1F05B2FE1B29F327008CA94F /* VAPLinkedList.c */ = {isa = PBXFileReference; fileEncoding = 4; lastKnownFileType = sourcecode.c.c; path = VAPLinkedList.c; sourceTree = "<group>"; };
		1F05B2FF1B29F327008CA94F /* VAPLinkedList.h */ = {isa = PBXFileReference; fileEncoding = 4; lastKnownFileType = sourcecode.c.h; path = VAPLinkedList.h; sourceTree = "<group>"; };
		1F05B3011B29F327008CA94F /* VAPLinkedListNode.c */ = {isa = PBXFileReference; fileEncoding = 4; lastKnownFileType = sourcecode.c.c; path = VAPLinkedListNode.c; sourceTree = "<group>"; };
		1F05B3021B29F327008CA94F /* VAPLinkedListNode.h */ = {isa = PBXFileReference; fileEncoding = 4; lastKnownFileType = sourcecode.c.h; path = VAPLinkedListNode.h; sourceTree = "<group>"; };
		1F05B3081B29F327008CA94F /* VAPLinkedListTests.c */ = {isa = PBXFileReference; fileEncoding = 4; lastKnownFileType = sourcecode.c.c; path = VAPLinkedListTests.c; sourceTree = "<group>"; };
		1F05B3091B29F327008CA94F /* VAPLinkedListTests.h */ = {isa = PBXFileReference; fileEncoding = 4; lastKnownFileType = sourcecode.c.h; path = VAPLinkedListTests.h; sourceTree = "<group>"; };
		1F05B3181B2F3D2C008CA94F /* VAPMacros.c */ = {isa = PBXFileReference; fileEncoding = 4; lastKnownFileType = sourcecode.c.c; path = VAPMacros.c; sourceTree = "<group>"; };
		1F1325891AF93C150047139E /* VAP IDPCources */ = {isa = PBXFileReference; explicitFileType = "compiled.mach-o.executable"; includeInIndex = 0; path = "VAP IDPCources"; sourceTree = BUILT_PRODUCTS_DIR; };
		1F1325941AF93E180047139E /* main.c */ = {isa = PBXFileReference; fileEncoding = 4; lastKnownFileType = sourcecode.c.c; path = main.c; sourceTree = "<group>"; };
		1F13259C1AF977A20047139E /* VAPTestGenerateMethods.c */ = {isa = PBXFileReference; fileEncoding = 4; lastKnownFileType = sourcecode.c.c; path = VAPTestGenerateMethods.c; sourceTree = "<group>"; };
		1F13259D1AF977A20047139E /* VAPTestGenerateMethods.h */ = {isa = PBXFileReference; fileEncoding = 4; lastKnownFileType = sourcecode.c.h; path = VAPTestGenerateMethods.h; sourceTree = "<group>"; };
		1F1325A01AF978B20047139E /* VAPGenereteMethods.h */ = {isa = PBXFileReference; fileEncoding = 4; lastKnownFileType = sourcecode.c.h; path = VAPGenereteMethods.h; sourceTree = "<group>"; };
		1F1C525A1B0292DC0057621A /* VAPHumanoidObjectTests.c */ = {isa = PBXFileReference; fileEncoding = 4; lastKnownFileType = sourcecode.c.c; name = VAPHumanoidObjectTests.c; path = VAPHumanoidObjectTests/VAPHumanoidObjectTests.c; sourceTree = "<group>"; };
		1F1C525B1B0292DC0057621A /* VAPHumanoidObjectTests.h */ = {isa = PBXFileReference; fileEncoding = 4; lastKnownFileType = sourcecode.c.h; name = VAPHumanoidObjectTests.h; path = VAPHumanoidObjectTests/VAPHumanoidObjectTests.h; sourceTree = "<group>"; };
		1F1C525F1B08F9AE0057621A /* VAPObject.c */ = {isa = PBXFileReference; fileEncoding = 4; lastKnownFileType = sourcecode.c.c; path = VAPObject.c; sourceTree = "<group>"; };
		1F1C52601B08F9AE0057621A /* VAPObject.h */ = {isa = PBXFileReference; fileEncoding = 4; lastKnownFileType = sourcecode.c.h; path = VAPObject.h; sourceTree = "<group>"; };
		1F1C52631B0A4A6D0057621A /* VAPString.c */ = {isa = PBXFileReference; fileEncoding = 4; lastKnownFileType = sourcecode.c.c; name = VAPString.c; path = Humanoid/Source/VAPString/VAPString.c; sourceTree = SOURCE_ROOT; };
		1F1C52641B0A4A6D0057621A /* VAPString.h */ = {isa = PBXFileReference; fileEncoding = 4; lastKnownFileType = sourcecode.c.h; name = VAPString.h; path = Humanoid/Source/VAPString/VAPString.h; sourceTree = SOURCE_ROOT; };
		1F20DCBD1B0000E00014ACE4 /* TestDataStructure.c */ = {isa = PBXFileReference; fileEncoding = 4; lastKnownFileType = sourcecode.c.c; path = TestDataStructure.c; sourceTree = "<group>"; };
		1F20DCBE1B0000E00014ACE4 /* TestDataStructure.h */ = {isa = PBXFileReference; fileEncoding = 4; lastKnownFileType = sourcecode.c.h; path = TestDataStructure.h; sourceTree = "<group>"; };
		1F35D9971AFEB45700E57436 /* Structure */ = {isa = PBXFileReference; explicitFileType = "compiled.mach-o.executable"; includeInIndex = 0; path = Structure; sourceTree = BUILT_PRODUCTS_DIR; };
		1F35D99F1AFEB4D100E57436 /* main.c */ = {isa = PBXFileReference; fileEncoding = 4; lastKnownFileType = sourcecode.c.c; path = main.c; sourceTree = "<group>"; };
		1F35D9A51AFFEF4A00E57436 /* BytesNumbersToConsol.c */ = {isa = PBXFileReference; fileEncoding = 4; lastKnownFileType = sourcecode.c.c; path = BytesNumbersToConsol.c; sourceTree = "<group>"; };
		1F35D9A61AFFEF4A00E57436 /* BytesNumbersToConsol.h */ = {isa = PBXFileReference; fileEncoding = 4; lastKnownFileType = sourcecode.c.h; path = BytesNumbersToConsol.h; sourceTree = "<group>"; };
		1F35D9A81AFFF7FD00E57436 /* DataStructure.h */ = {isa = PBXFileReference; fileEncoding = 4; lastKnownFileType = sourcecode.c.h; path = DataStructure.h; sourceTree = "<group>"; };
		1F3DCAA41B0241960052B37C /* Humanoid */ = {isa = PBXFileReference; explicitFileType = "compiled.mach-o.executable"; includeInIndex = 0; path = Humanoid; sourceTree = BUILT_PRODUCTS_DIR; };
		1F3DCAAD1B02448D0052B37C /* main.c */ = {isa = PBXFileReference; fileEncoding = 4; lastKnownFileType = sourcecode.c.c; path = main.c; sourceTree = "<group>"; };
		1F3DCAB11B0245B10052B37C /* VAPHumanoidObject.c */ = {isa = PBXFileReference; fileEncoding = 4; lastKnownFileType = sourcecode.c.c; path = VAPHumanoidObject.c; sourceTree = "<group>"; };
		1F3DCAB21B0245B10052B37C /* VAPHumanoidObject.h */ = {isa = PBXFileReference; fileEncoding = 4; lastKnownFileType = sourcecode.c.h; path = VAPHumanoidObject.h; sourceTree = "<group>"; };
		1F498F941B0CF0A80010EC03 /* VAPArrayTests.c */ = {isa = PBXFileReference; fileEncoding = 4; lastKnownFileType = sourcecode.c.c; path = VAPArrayTests.c; sourceTree = "<group>"; };
		1F498F951B0CF0A80010EC03 /* VAPArrayTests.h */ = {isa = PBXFileReference; fileEncoding = 4; lastKnownFileType = sourcecode.c.h; path = VAPArrayTests.h; sourceTree = "<group>"; };
		1F498F981B0CF1F40010EC03 /* VAPStringTests.c */ = {isa = PBXFileReference; fileEncoding = 4; lastKnownFileType = sourcecode.c.c; path = VAPStringTests.c; sourceTree = "<group>"; };
		1F498F991B0CF1F40010EC03 /* VAPStringTests.h */ = {isa = PBXFileReference; fileEncoding = 4; lastKnownFileType = sourcecode.c.h; path = VAPStringTests.h; sourceTree = "<group>"; };
		1F498F9C1B0D109C0010EC03 /* VAPMacros.h */ = {isa = PBXFileReference; fileEncoding = 4; lastKnownFileType = sourcecode.c.h; path = VAPMacros.h; sourceTree = "<group>"; };
		1FD5CE861B0BAC9300183D14 /* VAPArray.c */ = {isa = PBXFileReference; fileEncoding = 4; lastKnownFileType = sourcecode.c.c; path = VAPArray.c; sourceTree = "<group>"; };
		1FD5CE871B0BAC9300183D14 /* VAPArray.h */ = {isa = PBXFileReference; fileEncoding = 4; lastKnownFileType = sourcecode.c.h; path = VAPArray.h; sourceTree = "<group>"; };
/* End PBXFileReference section */

/* Begin PBXFrameworksBuildPhase section */
		1F05B2F01B29F2E6008CA94F /* Frameworks */ = {
			isa = PBXFrameworksBuildPhase;
			buildActionMask = 2147483647;
			files = (
			);
			runOnlyForDeploymentPostprocessing = 0;
		};
		1F1325861AF93C150047139E /* Frameworks */ = {
			isa = PBXFrameworksBuildPhase;
			buildActionMask = 2147483647;
			files = (
			);
			runOnlyForDeploymentPostprocessing = 0;
		};
		1F35D9941AFEB45700E57436 /* Frameworks */ = {
			isa = PBXFrameworksBuildPhase;
			buildActionMask = 2147483647;
			files = (
			);
			runOnlyForDeploymentPostprocessing = 0;
		};
		1F3DCAA11B0241960052B37C /* Frameworks */ = {
			isa = PBXFrameworksBuildPhase;
			buildActionMask = 2147483647;
			files = (
			);
			runOnlyForDeploymentPostprocessing = 0;
		};
/* End PBXFrameworksBuildPhase section */

/* Begin PBXGroup section */
		1F05B2FA1B29F327008CA94F /* LinkedList */ = {
			isa = PBXGroup;
			children = (
				1F05B2FB1B29F327008CA94F /* Source */,
				1F05B3061B29F327008CA94F /* Tests */,
			);
			path = LinkedList;
			sourceTree = SOURCE_ROOT;
		};
		1F05B2FB1B29F327008CA94F /* Source */ = {
			isa = PBXGroup;
			children = (
				1F05B2FC1B29F327008CA94F /* main.c */,
				1F05B2FD1B29F327008CA94F /* VAPLinkedList */,
				1F05B3001B29F327008CA94F /* VAPLinkedListNode */,
			);
			path = Source;
			sourceTree = "<group>";
		};
		1F05B2FD1B29F327008CA94F /* VAPLinkedList */ = {
			isa = PBXGroup;
			children = (
				1F05B2FE1B29F327008CA94F /* VAPLinkedList.c */,
				1F05B2FF1B29F327008CA94F /* VAPLinkedList.h */,
			);
			path = VAPLinkedList;
			sourceTree = "<group>";
		};
		1F05B3001B29F327008CA94F /* VAPLinkedListNode */ = {
			isa = PBXGroup;
			children = (
				1F05B3011B29F327008CA94F /* VAPLinkedListNode.c */,
				1F05B3021B29F327008CA94F /* VAPLinkedListNode.h */,
			);
			path = VAPLinkedListNode;
			sourceTree = "<group>";
		};
		1F05B3061B29F327008CA94F /* Tests */ = {
			isa = PBXGroup;
			children = (
				1F05B3071B29F327008CA94F /* VAPLinkedListBehaviourTests */,
			);
			path = Tests;
			sourceTree = "<group>";
		};
		1F05B3071B29F327008CA94F /* VAPLinkedListBehaviourTests */ = {
			isa = PBXGroup;
			children = (
				1F05B3081B29F327008CA94F /* VAPLinkedListTests.c */,
				1F05B3091B29F327008CA94F /* VAPLinkedListTests.h */,
			);
			path = VAPLinkedListBehaviourTests;
			sourceTree = "<group>";
		};
		1F1325801AF93C150047139E = {
			isa = PBXGroup;
			children = (
				1F13258B1AF93C150047139E /* VAP IDPCources */,
				1F35D9981AFEB45700E57436 /* VAPStructure */,
				1F3DCAA51B0241960052B37C /* VAPHumanoid */,
				1F05B2FA1B29F327008CA94F /* LinkedList */,
				1F13258A1AF93C150047139E /* Products */,
			);
			sourceTree = "<group>";
		};
		1F13258A1AF93C150047139E /* Products */ = {
			isa = PBXGroup;
			children = (
				1F1325891AF93C150047139E /* VAP IDPCources */,
				1F35D9971AFEB45700E57436 /* Structure */,
				1F3DCAA41B0241960052B37C /* Humanoid */,
				1F05B2F31B29F2E6008CA94F /* LinkedList */,
			);
			name = Products;
			sourceTree = "<group>";
		};
		1F13258B1AF93C150047139E /* VAP IDPCources */ = {
			isa = PBXGroup;
			children = (
				1F1325961AF972A30047139E /* Tests */,
				1F1325931AF93E180047139E /* Source */,
			);
			path = "VAP IDPCources";
			sourceTree = "<group>";
		};
		1F1325931AF93E180047139E /* Source */ = {
			isa = PBXGroup;
			children = (
				1F1325971AF9736B0047139E /* VAPGeneratingMethods */,
				1F1325941AF93E180047139E /* main.c */,
			);
			path = Source;
			sourceTree = "<group>";
		};
		1F1325961AF972A30047139E /* Tests */ = {
			isa = PBXGroup;
			children = (
				1F13259B1AF977810047139E /* VAPTestGenereteMethods */,
			);
			path = Tests;
			sourceTree = "<group>";
		};
		1F1325971AF9736B0047139E /* VAPGeneratingMethods */ = {
			isa = PBXGroup;
			children = (
				1F1325A01AF978B20047139E /* VAPGenereteMethods.h */,
			);
			path = VAPGeneratingMethods;
			sourceTree = "<group>";
		};
		1F13259B1AF977810047139E /* VAPTestGenereteMethods */ = {
			isa = PBXGroup;
			children = (
				1F13259C1AF977A20047139E /* VAPTestGenerateMethods.c */,
				1F13259D1AF977A20047139E /* VAPTestGenerateMethods.h */,
			);
			path = VAPTestGenereteMethods;
			sourceTree = "<group>";
		};
		1F1C525D1B0292E30057621A /* VAPHumanoidObjectTests */ = {
			isa = PBXGroup;
			children = (
				1F498F971B0CF1A40010EC03 /* VAPStringTests */,
				1F498F931B0CF05F0010EC03 /* VAPArrayTests */,
				1F9FB27B1B18D7230057641C /* VAPHumanTest */,
			);
			name = VAPHumanoidObjectTests;
			sourceTree = "<group>";
		};
		1F1C525E1B08F8870057621A /* VAPObject */ = {
			isa = PBXGroup;
			children = (
				1F1C525F1B08F9AE0057621A /* VAPObject.c */,
				1F1C52601B08F9AE0057621A /* VAPObject.h */,
			);
			path = VAPObject;
			sourceTree = "<group>";
		};
		1F1C52621B0A3C0F0057621A /* VAPString */ = {
			isa = PBXGroup;
			children = (
				1F1C52631B0A4A6D0057621A /* VAPString.c */,
				1F1C52641B0A4A6D0057621A /* VAPString.h */,
			);
			name = VAPString;
			path = "untitled folder";
			sourceTree = "<group>";
		};
		1F20DCBC1B0000D10014ACE4 /* TestStructure */ = {
			isa = PBXGroup;
			children = (
				1F20DCBD1B0000E00014ACE4 /* TestDataStructure.c */,
				1F20DCBE1B0000E00014ACE4 /* TestDataStructure.h */,
			);
			path = TestStructure;
			sourceTree = "<group>";
		};
		1F35D9981AFEB45700E57436 /* VAPStructure */ = {
			isa = PBXGroup;
			children = (
				1F35D9A21AFFECCD00E57436 /* Tests */,
				1F35D99E1AFEB4D100E57436 /* Source */,
			);
			name = VAPStructure;
			path = Structure;
			sourceTree = "<group>";
		};
		1F35D99E1AFEB4D100E57436 /* Source */ = {
			isa = PBXGroup;
			children = (
				1F35D9A31AFFEE0B00E57436 /* BytesNymbersToConsol */,
				1F35D9A41AFFEE0B00E57436 /* ExampleOfStructure */,
				1F35D99F1AFEB4D100E57436 /* main.c */,
			);
			path = Source;
			sourceTree = "<group>";
		};
		1F35D9A21AFFECCD00E57436 /* Tests */ = {
			isa = PBXGroup;
			children = (
				1F20DCBC1B0000D10014ACE4 /* TestStructure */,
			);
			path = Tests;
			sourceTree = "<group>";
		};
		1F35D9A31AFFEE0B00E57436 /* BytesNymbersToConsol */ = {
			isa = PBXGroup;
			children = (
				1F35D9A51AFFEF4A00E57436 /* BytesNumbersToConsol.c */,
				1F35D9A61AFFEF4A00E57436 /* BytesNumbersToConsol.h */,
			);
			path = BytesNymbersToConsol;
			sourceTree = "<group>";
		};
		1F35D9A41AFFEE0B00E57436 /* ExampleOfStructure */ = {
			isa = PBXGroup;
			children = (
				1F35D9A81AFFF7FD00E57436 /* DataStructure.h */,
			);
			path = ExampleOfStructure;
			sourceTree = "<group>";
		};
		1F3DCAA51B0241960052B37C /* VAPHumanoid */ = {
			isa = PBXGroup;
			children = (
				1F3DCAAB1B02448D0052B37C /* Source */,
				1F3DCAAE1B02448D0052B37C /* Tests */,
			);
			name = VAPHumanoid;
			path = Humanoid;
			sourceTree = "<group>";
		};
		1F3DCAAB1B02448D0052B37C /* Source */ = {
			isa = PBXGroup;
			children = (
				1F498F9B1B0D105D0010EC03 /* VAPMacros */,
				1FD5CE851B0BAC4E00183D14 /* VAPArray */,
				1F1C52621B0A3C0F0057621A /* VAPString */,
				1F1C525E1B08F8870057621A /* VAPObject */,
				1F3DCAB01B02459C0052B37C /* VAPHumanoidObject */,
				1F3DCAAD1B02448D0052B37C /* main.c */,
			);
			path = Source;
			sourceTree = "<group>";
		};
		1F3DCAAE1B02448D0052B37C /* Tests */ = {
			isa = PBXGroup;
			children = (
				1F1C525D1B0292E30057621A /* VAPHumanoidObjectTests */,
			);
			path = Tests;
			sourceTree = "<group>";
		};
		1F3DCAB01B02459C0052B37C /* VAPHumanoidObject */ = {
			isa = PBXGroup;
			children = (
				1F3DCAB11B0245B10052B37C /* VAPHumanoidObject.c */,
				1F3DCAB21B0245B10052B37C /* VAPHumanoidObject.h */,
			);
			path = VAPHumanoidObject;
			sourceTree = "<group>";
		};
		1F498F931B0CF05F0010EC03 /* VAPArrayTests */ = {
			isa = PBXGroup;
			children = (
				1F498F941B0CF0A80010EC03 /* VAPArrayTests.c */,
				1F498F951B0CF0A80010EC03 /* VAPArrayTests.h */,
			);
			path = VAPArrayTests;
			sourceTree = "<group>";
		};
		1F498F971B0CF1A40010EC03 /* VAPStringTests */ = {
			isa = PBXGroup;
			children = (
				1F498F981B0CF1F40010EC03 /* VAPStringTests.c */,
				1F498F991B0CF1F40010EC03 /* VAPStringTests.h */,
			);
			path = VAPStringTests;
			sourceTree = "<group>";
		};
		1F498F9B1B0D105D0010EC03 /* VAPMacros */ = {
			isa = PBXGroup;
			children = (
				1F05B3181B2F3D2C008CA94F /* VAPMacros.c */,
				1F498F9C1B0D109C0010EC03 /* VAPMacros.h */,
			);
			path = VAPMacros;
			sourceTree = "<group>";
		};
		1F9FB27B1B18D7230057641C /* VAPHumanTest */ = {
			isa = PBXGroup;
			children = (
				1F1C525A1B0292DC0057621A /* VAPHumanoidObjectTests.c */,
				1F1C525B1B0292DC0057621A /* VAPHumanoidObjectTests.h */,
			);
			name = VAPHumanTest;
			sourceTree = "<group>";
		};
		1FD5CE851B0BAC4E00183D14 /* VAPArray */ = {
			isa = PBXGroup;
			children = (
				1FD5CE861B0BAC9300183D14 /* VAPArray.c */,
				1FD5CE871B0BAC9300183D14 /* VAPArray.h */,
			);
			path = VAPArray;
			sourceTree = "<group>";
		};
/* End PBXGroup section */

/* Begin PBXNativeTarget section */
		1F05B2F21B29F2E6008CA94F /* LinkedList */ = {
			isa = PBXNativeTarget;
			buildConfigurationList = 1F05B2F91B29F2E6008CA94F /* Build configuration list for PBXNativeTarget "LinkedList" */;
			buildPhases = (
				1F05B2EF1B29F2E6008CA94F /* Sources */,
				1F05B2F01B29F2E6008CA94F /* Frameworks */,
				1F05B2F11B29F2E6008CA94F /* CopyFiles */,
			);
			buildRules = (
			);
			dependencies = (
			);
			name = LinkedList;
			productName = LinkedList;
			productReference = 1F05B2F31B29F2E6008CA94F /* LinkedList */;
			productType = "com.apple.product-type.tool";
		};
		1F1325881AF93C150047139E /* VAP IDPCources */ = {
			isa = PBXNativeTarget;
			buildConfigurationList = 1F1325901AF93C150047139E /* Build configuration list for PBXNativeTarget "VAP IDPCources" */;
			buildPhases = (
				1F1325851AF93C150047139E /* Sources */,
				1F1325861AF93C150047139E /* Frameworks */,
				1F1325871AF93C150047139E /* CopyFiles */,
			);
			buildRules = (
				1F05B3151B2B7E28008CA94F /* PBXBuildRule */,
			);
			dependencies = (
			);
			name = "VAP IDPCources";
			productName = "VAP IDPCources";
			productReference = 1F1325891AF93C150047139E /* VAP IDPCources */;
			productType = "com.apple.product-type.tool";
		};
		1F35D9961AFEB45700E57436 /* Structure */ = {
			isa = PBXNativeTarget;
			buildConfigurationList = 1F35D99D1AFEB45700E57436 /* Build configuration list for PBXNativeTarget "Structure" */;
			buildPhases = (
				1F35D9931AFEB45700E57436 /* Sources */,
				1F35D9941AFEB45700E57436 /* Frameworks */,
				1F35D9951AFEB45700E57436 /* CopyFiles */,
			);
			buildRules = (
			);
			dependencies = (
			);
			name = Structure;
			productName = Structure;
			productReference = 1F35D9971AFEB45700E57436 /* Structure */;
			productType = "com.apple.product-type.tool";
		};
		1F3DCAA31B0241960052B37C /* Humanoid */ = {
			isa = PBXNativeTarget;
			buildConfigurationList = 1F3DCAAA1B0241960052B37C /* Build configuration list for PBXNativeTarget "Humanoid" */;
			buildPhases = (
				1F3DCAA01B0241960052B37C /* Sources */,
				1F3DCAA11B0241960052B37C /* Frameworks */,
				1F3DCAA21B0241960052B37C /* CopyFiles */,
			);
			buildRules = (
			);
			dependencies = (
			);
			name = Humanoid;
			productName = Humanoid;
			productReference = 1F3DCAA41B0241960052B37C /* Humanoid */;
			productType = "com.apple.product-type.tool";
		};
/* End PBXNativeTarget section */

/* Begin PBXProject section */
		1F1325811AF93C150047139E /* Project object */ = {
			isa = PBXProject;
			attributes = {
				LastUpgradeCheck = 0630;
				ORGANIZATIONNAME = "Aleksandr Vasylchenko";
				TargetAttributes = {
					1F05B2F21B29F2E6008CA94F = {
						CreatedOnToolsVersion = 6.3.2;
					};
					1F1325881AF93C150047139E = {
						CreatedOnToolsVersion = 6.3;
					};
					1F35D9961AFEB45700E57436 = {
						CreatedOnToolsVersion = 6.3;
					};
					1F3DCAA31B0241960052B37C = {
						CreatedOnToolsVersion = 6.3;
					};
				};
			};
			buildConfigurationList = 1F1325841AF93C150047139E /* Build configuration list for PBXProject "VAP IDPCources" */;
			compatibilityVersion = "Xcode 3.2";
			developmentRegion = English;
			hasScannedForEncodings = 0;
			knownRegions = (
				en,
			);
			mainGroup = 1F1325801AF93C150047139E;
			productRefGroup = 1F13258A1AF93C150047139E /* Products */;
			projectDirPath = "";
			projectRoot = "";
			targets = (
				1F1325881AF93C150047139E /* VAP IDPCources */,
				1F35D9961AFEB45700E57436 /* Structure */,
				1F3DCAA31B0241960052B37C /* Humanoid */,
				1F05B2F21B29F2E6008CA94F /* LinkedList */,
			);
		};
/* End PBXProject section */

/* Begin PBXSourcesBuildPhase section */
		1F05B2EF1B29F2E6008CA94F /* Sources */ = {
			isa = PBXSourcesBuildPhase;
			buildActionMask = 2147483647;
			files = (
				1F05B30B1B29F327008CA94F /* VAPLinkedList.c in Sources */,
				1F05B30C1B29F327008CA94F /* VAPLinkedListNode.c in Sources */,
				1F05B3171B2DF8D9008CA94F /* VAPString.c in Sources */,
				1F05B30A1B29F327008CA94F /* main.c in Sources */,
				1F05B3161B2B7E36008CA94F /* VAPObject.c in Sources */,
				1F05B31C1B2F3D2C008CA94F /* VAPMacros.c in Sources */,
				1F05B30E1B29F327008CA94F /* VAPLinkedListTests.c in Sources */,
			);
			runOnlyForDeploymentPostprocessing = 0;
		};
		1F1325851AF93C150047139E /* Sources */ = {
			isa = PBXSourcesBuildPhase;
			buildActionMask = 2147483647;
			files = (
				1F13259E1AF977A20047139E /* VAPTestGenerateMethods.c in Sources */,
				1F05B3191B2F3D2C008CA94F /* VAPMacros.c in Sources */,
				1F1325951AF93E180047139E /* main.c in Sources */,
			);
			runOnlyForDeploymentPostprocessing = 0;
		};
		1F35D9931AFEB45700E57436 /* Sources */ = {
			isa = PBXSourcesBuildPhase;
			buildActionMask = 2147483647;
			files = (
				1F05B31A1B2F3D2C008CA94F /* VAPMacros.c in Sources */,
				1F20DCBF1B0000E00014ACE4 /* TestDataStructure.c in Sources */,
				1F35D9A01AFEB4D100E57436 /* main.c in Sources */,
				1F35D9A71AFFEF4A00E57436 /* BytesNumbersToConsol.c in Sources */,
			);
			runOnlyForDeploymentPostprocessing = 0;
		};
		1F3DCAA01B0241960052B37C /* Sources */ = {
			isa = PBXSourcesBuildPhase;
			buildActionMask = 2147483647;
			files = (
				1F3DCAAF1B02448D0052B37C /* main.c in Sources */,
				1F05B31B1B2F3D2C008CA94F /* VAPMacros.c in Sources */,
				1FD5CE881B0BAC9300183D14 /* VAPArray.c in Sources */,
				1F498F9A1B0CF1F40010EC03 /* VAPStringTests.c in Sources */,
				1F1C52651B0A4A6D0057621A /* VAPString.c in Sources */,
				1F3DCAB31B0245B10052B37C /* VAPHumanoidObject.c in Sources */,
				1F498F961B0CF0A80010EC03 /* VAPArrayTests.c in Sources */,
				1F1C52611B08F9AE0057621A /* VAPObject.c in Sources */,
				1F1C525C1B0292DC0057621A /* VAPHumanoidObjectTests.c in Sources */,
			);
			runOnlyForDeploymentPostprocessing = 0;
		};
/* End PBXSourcesBuildPhase section */

/* Begin XCBuildConfiguration section */
		1F05B2F71B29F2E6008CA94F /* Debug */ = {
			isa = XCBuildConfiguration;
			buildSettings = {
				GCC_PREPROCESSOR_DEFINITIONS = (
					"DEBUG=1",
					"$(inherited)",
				);
				PRODUCT_NAME = "$(TARGET_NAME)";
			};
			name = Debug;
		};
		1F05B2F81B29F2E6008CA94F /* Release */ = {
			isa = XCBuildConfiguration;
			buildSettings = {
				PRODUCT_NAME = "$(TARGET_NAME)";
			};
			name = Release;
		};
		1F13258E1AF93C150047139E /* Debug */ = {
			isa = XCBuildConfiguration;
			buildSettings = {
				ALWAYS_SEARCH_USER_PATHS = NO;
				CLANG_CXX_LANGUAGE_STANDARD = "gnu++0x";
				CLANG_CXX_LIBRARY = "libc++";
				CLANG_ENABLE_MODULES = YES;
				CLANG_ENABLE_OBJC_ARC = YES;
				CLANG_WARN_BOOL_CONVERSION = YES;
				CLANG_WARN_CONSTANT_CONVERSION = YES;
				CLANG_WARN_DIRECT_OBJC_ISA_USAGE = YES_ERROR;
				CLANG_WARN_EMPTY_BODY = YES;
				CLANG_WARN_ENUM_CONVERSION = YES;
				CLANG_WARN_INT_CONVERSION = YES;
				CLANG_WARN_OBJC_ROOT_CLASS = YES_ERROR;
				CLANG_WARN_UNREACHABLE_CODE = YES;
				CLANG_WARN__DUPLICATE_METHOD_MATCH = YES;
				COPY_PHASE_STRIP = NO;
				DEBUG_INFORMATION_FORMAT = dwarf;
				ENABLE_STRICT_OBJC_MSGSEND = YES;
				GCC_C_LANGUAGE_STANDARD = gnu99;
				GCC_DYNAMIC_NO_PIC = NO;
				GCC_NO_COMMON_BLOCKS = YES;
				GCC_OPTIMIZATION_LEVEL = 0;
				GCC_PREPROCESSOR_DEFINITIONS = (
					"DEBUG=1",
					"$(inherited)",
				);
				GCC_SYMBOLS_PRIVATE_EXTERN = NO;
				GCC_WARN_64_TO_32_BIT_CONVERSION = YES;
				GCC_WARN_ABOUT_RETURN_TYPE = YES_ERROR;
				GCC_WARN_UNDECLARED_SELECTOR = YES;
				GCC_WARN_UNINITIALIZED_AUTOS = YES_AGGRESSIVE;
				GCC_WARN_UNUSED_FUNCTION = YES;
				GCC_WARN_UNUSED_VARIABLE = YES;
				MACOSX_DEPLOYMENT_TARGET = 10.10;
				MTL_ENABLE_DEBUG_INFO = YES;
				ONLY_ACTIVE_ARCH = YES;
				SDKROOT = macosx;
			};
			name = Debug;
		};
		1F13258F1AF93C150047139E /* Release */ = {
			isa = XCBuildConfiguration;
			buildSettings = {
				ALWAYS_SEARCH_USER_PATHS = NO;
				CLANG_CXX_LANGUAGE_STANDARD = "gnu++0x";
				CLANG_CXX_LIBRARY = "libc++";
				CLANG_ENABLE_MODULES = YES;
				CLANG_ENABLE_OBJC_ARC = YES;
				CLANG_WARN_BOOL_CONVERSION = YES;
				CLANG_WARN_CONSTANT_CONVERSION = YES;
				CLANG_WARN_DIRECT_OBJC_ISA_USAGE = YES_ERROR;
				CLANG_WARN_EMPTY_BODY = YES;
				CLANG_WARN_ENUM_CONVERSION = YES;
				CLANG_WARN_INT_CONVERSION = YES;
				CLANG_WARN_OBJC_ROOT_CLASS = YES_ERROR;
				CLANG_WARN_UNREACHABLE_CODE = YES;
				CLANG_WARN__DUPLICATE_METHOD_MATCH = YES;
				COPY_PHASE_STRIP = NO;
				DEBUG_INFORMATION_FORMAT = "dwarf-with-dsym";
				ENABLE_NS_ASSERTIONS = NO;
				ENABLE_STRICT_OBJC_MSGSEND = YES;
				GCC_C_LANGUAGE_STANDARD = gnu99;
				GCC_NO_COMMON_BLOCKS = YES;
				GCC_WARN_64_TO_32_BIT_CONVERSION = YES;
				GCC_WARN_ABOUT_RETURN_TYPE = YES_ERROR;
				GCC_WARN_UNDECLARED_SELECTOR = YES;
				GCC_WARN_UNINITIALIZED_AUTOS = YES_AGGRESSIVE;
				GCC_WARN_UNUSED_FUNCTION = YES;
				GCC_WARN_UNUSED_VARIABLE = YES;
				MACOSX_DEPLOYMENT_TARGET = 10.10;
				MTL_ENABLE_DEBUG_INFO = NO;
				SDKROOT = macosx;
			};
			name = Release;
		};
		1F1325911AF93C150047139E /* Debug */ = {
			isa = XCBuildConfiguration;
			buildSettings = {
				PRODUCT_NAME = "$(TARGET_NAME)";
			};
			name = Debug;
		};
		1F1325921AF93C150047139E /* Release */ = {
			isa = XCBuildConfiguration;
			buildSettings = {
				PRODUCT_NAME = "$(TARGET_NAME)";
			};
			name = Release;
		};
		1F35D99B1AFEB45700E57436 /* Debug */ = {
			isa = XCBuildConfiguration;
			buildSettings = {
				GCC_PREPROCESSOR_DEFINITIONS = (
					"DEBUG=1",
					"$(inherited)",
				);
				PRODUCT_NAME = "$(TARGET_NAME)";
			};
			name = Debug;
		};
		1F35D99C1AFEB45700E57436 /* Release */ = {
			isa = XCBuildConfiguration;
			buildSettings = {
				PRODUCT_NAME = "$(TARGET_NAME)";
			};
			name = Release;
		};
		1F3DCAA81B0241960052B37C /* Debug */ = {
			isa = XCBuildConfiguration;
			buildSettings = {
				GCC_PREPROCESSOR_DEFINITIONS = (
					"DEBUG=1",
					"$(inherited)",
				);
				PRODUCT_NAME = "$(TARGET_NAME)";
			};
			name = Debug;
		};
		1F3DCAA91B0241960052B37C /* Release */ = {
			isa = XCBuildConfiguration;
			buildSettings = {
				PRODUCT_NAME = "$(TARGET_NAME)";
			};
			name = Release;
		};
/* End XCBuildConfiguration section */

/* Begin XCConfigurationList section */
		1F05B2F91B29F2E6008CA94F /* Build configuration list for PBXNativeTarget "LinkedList" */ = {
			isa = XCConfigurationList;
			buildConfigurations = (
				1F05B2F71B29F2E6008CA94F /* Debug */,
				1F05B2F81B29F2E6008CA94F /* Release */,
			);
			defaultConfigurationIsVisible = 0;
			defaultConfigurationName = Release;
		};
		1F1325841AF93C150047139E /* Build configuration list for PBXProject "VAP IDPCources" */ = {
			isa = XCConfigurationList;
			buildConfigurations = (
				1F13258E1AF93C150047139E /* Debug */,
				1F13258F1AF93C150047139E /* Release */,
			);
			defaultConfigurationIsVisible = 0;
			defaultConfigurationName = Release;
		};
		1F1325901AF93C150047139E /* Build configuration list for PBXNativeTarget "VAP IDPCources" */ = {
			isa = XCConfigurationList;
			buildConfigurations = (
				1F1325911AF93C150047139E /* Debug */,
				1F1325921AF93C150047139E /* Release */,
			);
			defaultConfigurationIsVisible = 0;
			defaultConfigurationName = Release;
		};
		1F35D99D1AFEB45700E57436 /* Build configuration list for PBXNativeTarget "Structure" */ = {
			isa = XCConfigurationList;
			buildConfigurations = (
				1F35D99B1AFEB45700E57436 /* Debug */,
				1F35D99C1AFEB45700E57436 /* Release */,
			);
			defaultConfigurationIsVisible = 0;
			defaultConfigurationName = Release;
		};
		1F3DCAAA1B0241960052B37C /* Build configuration list for PBXNativeTarget "Humanoid" */ = {
			isa = XCConfigurationList;
			buildConfigurations = (
				1F3DCAA81B0241960052B37C /* Debug */,
				1F3DCAA91B0241960052B37C /* Release */,
			);
			defaultConfigurationIsVisible = 0;
			defaultConfigurationName = Release;
		};
/* End XCConfigurationList section */
	};
	rootObject = 1F1325811AF93C150047139E /* Project object */;
}
